
Microsoft Visual Studio Solution File, Format Version 10.00
# Visual Studio 2008
Project("{FAE04EC0-301F-11D3-BF4B-00C04F79EFBC}") = "QCash.EStatement.MMBL", "QCash.EStatement.MMBL\QCash.EStatement.MMBL.csproj", "{EA79CE2D-82B6-46D5-9BD9-1BACE615791A}"
EndProject
Project("{FAE04EC0-301F-11D3-BF4B-00C04F79EFBC}") = "QCash.EStatement.MDBL", "QCash.EStatement.MDBL\QCash.EStatement.MDBL.csproj", "{EA1BB7E1-240C-431F-AC4F-9F94D7FCB684}"
EndProject
Project("{FAE04EC0-301F-11D3-BF4B-00C04F79EFBC}") = "QCash.EStatement.SIBL", "QCash.EStatement.SIBL\QCash.EStatement.SIBL.csproj", "{F28B1FCA-0692-4BEA-A502-8436C783A3DA}"
EndProject
Project("{FAE04EC0-301F-11D3-BF4B-00C04F79EFBC}") = "QCash.EStatement.JBL", "QCash.EStatement.JBL\QCash.EStatement.JBL.csproj", "{4966582C-08EC-40FF-840F-4FDBF69F17BF}"
EndProject
Project("{FAE04EC0-301F-11D3-BF4B-00C04F79EFBC}") = "QCash.EStatement.MGBL", "QCash.EStatement.MGBL\QCash.EStatement.MGBL.csproj", "{6652E9B7-7EAE-4538-AED2-6BEF81288B2D}"
EndProject
Project("{FAE04EC0-301F-11D3-BF4B-00C04F79EFBC}") = "QCash.EStatement.MBL", "QCash.EStatement.MBL\QCash.EStatement.MBL.csproj", "{2F1ABF1D-C863-436C-81DE-F6682003B4DA}"
EndProject
Project("{FAE04EC0-301F-11D3-BF4B-00C04F79EFBC}") = "QCash.EStatement.IFIC", "QCash.EStatement.IFIC\QCash.EStatement.IFIC.csproj", "{AD01C4C8-1768-4DBC-99EF-C870C68CA2E7}"
EndProject
Project("{FAE04EC0-301F-11D3-BF4B-00C04F79EFBC}") = "QCash.EStatement.SBL", "QCash.EStatement.SBL\QCash.EStatement.SBL.csproj", "{64FF8E3E-2ACD-4E2D-9F22-904B7FC147A4}"
EndProject
Project("{FAE04EC0-301F-11D3-BF4B-00C04F79EFBC}") = "QCash.EStatement.BAL", "QCash.EStatement.BAL\QCash.EStatement.BAL.csproj", "{96320383-E98B-4701-AC4F-AF4C057795A5}"
EndProject
Project("{FAE04EC0-301F-11D3-BF4B-00C04F79EFBC}") = "QCash.EStatement.BALISLAMIC", "QCash.EStatement.BALISLAMIC\QCash.EStatement.BALISLAMIC.csproj", "{6A4B4964-F991-44BC-86C9-3AFB42663CC7}"
EndProject
Project("{FAE04EC0-301F-11D3-BF4B-00C04F79EFBC}") = "QCash.EStatement.SMBL", "QCash.EStatement.SMBL\QCash.EStatement.SMBL.csproj", "{761E5C78-C8D9-46E3-9F26-4E834F1D93DD}"
EndProject
Project("{FAE04EC0-301F-11D3-BF4B-00C04F79EFBC}") = "QCash.EStatement.SONA", "QCash.EStatement.SONA\QCash.EStatement.SONA.csproj", "{75EEB996-53C2-49B3-ACC9-FE80180169A2}"
EndProject
Project("{FAE04EC0-301F-11D3-BF4B-00C04F79EFBC}") = "QCash.EStatement.UBL", "QCash.EStatement.UBL\QCash.EStatement.UBL.csproj", "{0F03BE12-4FE5-4611-B8C1-68F33D895A0E}"
EndProject
Project("{FAE04EC0-301F-11D3-BF4B-00C04F79EFBC}") = "QCash.EStatement.LBFMasterCard", "QCash.EStatement.LBFMasterCard\QCash.EStatement.LBFMasterCard.csproj", "{24160017-9E7C-4254-A60E-A107D34951B4}"
EndProject
Project("{FAE04EC0-301F-11D3-BF4B-00C04F79EFBC}") = "QCash.EStatement.SJIBL", "QCash.EStatement.SJIBL\QCash.EStatement.SJIBL.csproj", "{B014F07F-721F-4D70-9A07-E36D370223AC}"
EndProject
Project("{FAE04EC0-301F-11D3-BF4B-00C04F79EFBC}") = "QCash.EStatement.MTBL", "QCash.EStatement.MTBL\QCash.EStatement.MTBL.csproj", "{4DECF2F3-A6A4-4C05-953C-20CF1B094AAA}"
EndProject
Project("{FAE04EC0-301F-11D3-BF4B-00C04F79EFBC}") = "QCash.EStatement.DBL", "QCash.EStatement.DBL\QCash.EStatement.DBL.csproj", "{BBAA28DC-A7FF-4932-A2D9-91B3E52D2DCE}"
EndProject
Project("{FAE04EC0-301F-11D3-BF4B-00C04F79EFBC}") = "QCash.EStatement.DBLPrepaid", "QCash.EStatement.DBL_Prepaid\QCash.EStatement.DBLPrepaid.csproj", "{9C06FF25-2C8D-4D06-9959-30A0EF9A8F34}"
EndProject
Project("{FAE04EC0-301F-11D3-BF4B-00C04F79EFBC}") = "QCash.EStatement.DBL_MC", "QCash.EStatement.DBL_MC\QCash.EStatement.DBL_MC.csproj", "{BC5B938C-9CBA-43FC-895C-2C575C58ECDA}"
EndProject
Project("{FAE04EC0-301F-11D3-BF4B-00C04F79EFBC}") = "QCash.EStatement.NBL", "QCash.EStatement.NBL\QCash.EStatement.NBL.csproj", "{7EB8E288-E65D-4575-AABF-C64A4FBFD533}"
EndProject
Project("{FAE04EC0-301F-11D3-BF4B-00C04F79EFBC}") = "QCash.EStatement.BBL", "QCash.EStatement.BBL\QCash.EStatement.BBL.csproj", "{C5EA5965-0955-4E9E-984B-285E9C9D8B33}"
EndProject
Project("{FAE04EC0-301F-11D3-BF4B-00C04F79EFBC}") = "QCash.EStatement.LBF", "QCash.EStatement.LBF\QCash.EStatement.LBF.csproj", "{24E1E0FD-1DC8-41D9-AAF5-46214B1CE6B7}"
EndProject
Project("{FAE04EC0-301F-11D3-BF4B-00C04F79EFBC}") = "QCash.EStatement.CBBL", "QCash.EStatement.CBBL\QCash.EStatement.CBBL.csproj", "{1B95A3A6-C5C0-4B2B-B5C9-AEDEB8902B0B}"
EndProject
Project("{FAE04EC0-301F-11D3-BF4B-00C04F79EFBC}") = "QCash.EStatement.GIB", "QCash.EStatement.GIB\QCash.EStatement.GIB.csproj", "{7EE7D655-4D4A-4030-8142-B2D7EDE21619}"
EndProject
Project("{FAE04EC0-301F-11D3-BF4B-00C04F79EFBC}") = "QCash.EStatement.MTBLSMART", "QCash.EStatement.MTBLSMART\QCash.EStatement.MTBLSMART.csproj", "{1E587118-9AB2-43AC-A2EB-8AECCBE343E8}"
EndProject
Project("{FAE04EC0-301F-11D3-BF4B-00C04F79EFBC}") = "QCash.EStatement.MTBLSmartClient", "QCash.EStatement.MTBLSmartClient\QCash.EStatement.MTBLSmartClient.csproj", "{921CC69E-A550-455D-A2AA-A2254B0CA1AA}"
EndProject
Project("{FAE04EC0-301F-11D3-BF4B-00C04F79EFBC}") = "QCash.EStatement.NCC", "QCash.EStatement.NCC\QCash.EStatement.NCC.csproj", "{3F224A06-B369-45B1-87E6-EFD4E9F15E36}"
EndProject
Project("{FAE04EC0-301F-11D3-BF4B-00C04F79EFBC}") = "QCash.EStatement.BCBL", "QCash.EStatement.BCBL\QCash.EStatement.BCBL.csproj", "{FFBA355A-880D-4A91-B54A-B24FBB888D89}"
EndProject
Project("{FAE04EC0-301F-11D3-BF4B-00C04F79EFBC}") = "QCash.EStatement.MTBLSERVER", "QCash.EStatement.MTBLSERVER\QCash.EStatement.MTBLSERVER.csproj", "{95F3AEB6-A062-43F3-9AD4-62296E7CAEAD}"
EndProject
Project("{FAE04EC0-301F-11D3-BF4B-00C04F79EFBC}") = "QCash.EStatement.MTBLCLIENT", "QCash.EStatement.MTBLCLIENT\QCash.EStatement.MTBLCLIENT.csproj", "{990DAC54-54BA-41A3-B5DE-5F204094F1E9}"
EndProject
Project("{FAE04EC0-301F-11D3-BF4B-00C04F79EFBC}") = "QCash.EStatement.MTBLCLIENTT", "QCash.EStatement.MTBLCLIENTT\QCash.EStatement.MTBLCLIENTT.csproj", "{EA99CD65-8A31-4911-B4A9-F5D9AE507688}"
EndProject
Project("{FAE04EC0-301F-11D3-BF4B-00C04F79EFBC}") = "QCash.EStatement.MTBLISLAMIC", "QCash.EStatement.MTBLISLAMIC\QCash.EStatement.MTBLISLAMIC.csproj", "{F02F8470-D7EC-47F4-99E3-41E3CCE2578B}"
EndProject
Project("{FAE04EC0-301F-11D3-BF4B-00C04F79EFBC}") = "QCash.EStatement.SIBL_Prepaid", "QCash.EStatement.SIBL_Prepaid\QCash.EStatement.SIBL_Prepaid.csproj", "{9F8794B8-AA36-4DAD-94F9-B04AB9841818}"
EndProject
Project("{FAE04EC0-301F-11D3-BF4B-00C04F79EFBC}") = "QCash.EStatement.CZB", "QCash.EStatement.CZB\QCash.EStatement.CZB.csproj", "{9876DB2B-14C5-42E7-A698-51486E30AF3D}"
EndProject
Project("{FAE04EC0-301F-11D3-BF4B-00C04F79EFBC}") = "QCash.EStatement.BGCB", "QCash.EStatement.BGCB\QCash.EStatement.BGCB.csproj", "{734FB7C6-D6F4-47E8-8ED0-90C0822E4E6D}"
EndProject
Project("{FAE04EC0-301F-11D3-BF4B-00C04F79EFBC}") = "QCash.EStatement.BKB", "QCash.EStatement.BKB\QCash.EStatement.BKB.csproj", "{F8A4DC59-F7C6-4689-91A1-2B75FDB9DD5F}"
EndProject
Project("{FAE04EC0-301F-11D3-BF4B-00C04F79EFBC}") = "QCash.EStatement.MMBL_Prepaid", "QCash.EStatement.MMBL_Prepaid\QCash.EStatement.MMBL_Prepaid.csproj", "{D518D9DB-613A-4867-BAE9-F4336B3DAE1C}"
EndProject
Project("{FAE04EC0-301F-11D3-BF4B-00C04F79EFBC}") = "QCash.EStatement.SBL_Prepaid", "QCash.EStatement.SBL_Prepaid\QCash.EStatement.SBL_Prepaid.csproj", "{4D05D94F-45CC-425F-9B0B-8FA78D20B9F7}"
EndProject
Project("{FAE04EC0-301F-11D3-BF4B-00C04F79EFBC}") = "QCash.EStatement.NBL_Prepaid", "QCash.EStatement.NBL_Prepaid\QCash.EStatement.NBL_Prepaid.csproj", "{E8CE1EE5-C7EF-4D23-B970-7E1A5BD14F13}"
EndProject
Project("{FAE04EC0-301F-11D3-BF4B-00C04F79EFBC}") = "System.DataProvider", "System.DataProvider\System.DataProvider.csproj", "{B009E39C-3373-44F9-8F19-508DCF897268}"
EndProject
Global
	GlobalSection(SolutionConfigurationPlatforms) = preSolution
		Debug|Any CPU = Debug|Any CPU
		Release|Any CPU = Release|Any CPU
	EndGlobalSection
	GlobalSection(ProjectConfigurationPlatforms) = postSolution
		{EA79CE2D-82B6-46D5-9BD9-1BACE615791A}.Debug|Any CPU.ActiveCfg = Debug|Any CPU
		{EA79CE2D-82B6-46D5-9BD9-1BACE615791A}.Debug|Any CPU.Build.0 = Debug|Any CPU
		{EA79CE2D-82B6-46D5-9BD9-1BACE615791A}.Release|Any CPU.ActiveCfg = Release|Any CPU
		{EA79CE2D-82B6-46D5-9BD9-1BACE615791A}.Release|Any CPU.Build.0 = Release|Any CPU
		{EA1BB7E1-240C-431F-AC4F-9F94D7FCB684}.Debug|Any CPU.ActiveCfg = Debug|Any CPU
		{EA1BB7E1-240C-431F-AC4F-9F94D7FCB684}.Debug|Any CPU.Build.0 = Debug|Any CPU
		{EA1BB7E1-240C-431F-AC4F-9F94D7FCB684}.Release|Any CPU.ActiveCfg = Release|Any CPU
		{EA1BB7E1-240C-431F-AC4F-9F94D7FCB684}.Release|Any CPU.Build.0 = Release|Any CPU
		{F28B1FCA-0692-4BEA-A502-8436C783A3DA}.Debug|Any CPU.ActiveCfg = Debug|Any CPU
		{F28B1FCA-0692-4BEA-A502-8436C783A3DA}.Debug|Any CPU.Build.0 = Debug|Any CPU
		{F28B1FCA-0692-4BEA-A502-8436C783A3DA}.Release|Any CPU.ActiveCfg = Release|Any CPU
		{F28B1FCA-0692-4BEA-A502-8436C783A3DA}.Release|Any CPU.Build.0 = Release|Any CPU
		{4966582C-08EC-40FF-840F-4FDBF69F17BF}.Debug|Any CPU.ActiveCfg = Debug|Any CPU
		{4966582C-08EC-40FF-840F-4FDBF69F17BF}.Debug|Any CPU.Build.0 = Debug|Any CPU
		{4966582C-08EC-40FF-840F-4FDBF69F17BF}.Release|Any CPU.ActiveCfg = Release|Any CPU
		{4966582C-08EC-40FF-840F-4FDBF69F17BF}.Release|Any CPU.Build.0 = Release|Any CPU
		{6652E9B7-7EAE-4538-AED2-6BEF81288B2D}.Debug|Any CPU.ActiveCfg = Debug|Any CPU
		{6652E9B7-7EAE-4538-AED2-6BEF81288B2D}.Debug|Any CPU.Build.0 = Debug|Any CPU
		{6652E9B7-7EAE-4538-AED2-6BEF81288B2D}.Release|Any CPU.ActiveCfg = Release|Any CPU
		{6652E9B7-7EAE-4538-AED2-6BEF81288B2D}.Release|Any CPU.Build.0 = Release|Any CPU
		{2F1ABF1D-C863-436C-81DE-F6682003B4DA}.Debug|Any CPU.ActiveCfg = Debug|Any CPU
		{2F1ABF1D-C863-436C-81DE-F6682003B4DA}.Debug|Any CPU.Build.0 = Debug|Any CPU
		{2F1ABF1D-C863-436C-81DE-F6682003B4DA}.Release|Any CPU.ActiveCfg = Release|Any CPU
		{2F1ABF1D-C863-436C-81DE-F6682003B4DA}.Release|Any CPU.Build.0 = Release|Any CPU
		{AD01C4C8-1768-4DBC-99EF-C870C68CA2E7}.Debug|Any CPU.ActiveCfg = Debug|Any CPU
		{AD01C4C8-1768-4DBC-99EF-C870C68CA2E7}.Debug|Any CPU.Build.0 = Debug|Any CPU
		{AD01C4C8-1768-4DBC-99EF-C870C68CA2E7}.Release|Any CPU.ActiveCfg = Release|Any CPU
		{AD01C4C8-1768-4DBC-99EF-C870C68CA2E7}.Release|Any CPU.Build.0 = Release|Any CPU
		{64FF8E3E-2ACD-4E2D-9F22-904B7FC147A4}.Debug|Any CPU.ActiveCfg = Debug|Any CPU
		{64FF8E3E-2ACD-4E2D-9F22-904B7FC147A4}.Debug|Any CPU.Build.0 = Debug|Any CPU
		{64FF8E3E-2ACD-4E2D-9F22-904B7FC147A4}.Release|Any CPU.ActiveCfg = Release|Any CPU
		{64FF8E3E-2ACD-4E2D-9F22-904B7FC147A4}.Release|Any CPU.Build.0 = Release|Any CPU
		{96320383-E98B-4701-AC4F-AF4C057795A5}.Debug|Any CPU.ActiveCfg = Debug|Any CPU
		{96320383-E98B-4701-AC4F-AF4C057795A5}.Debug|Any CPU.Build.0 = Debug|Any CPU
		{96320383-E98B-4701-AC4F-AF4C057795A5}.Release|Any CPU.ActiveCfg = Release|Any CPU
		{96320383-E98B-4701-AC4F-AF4C057795A5}.Release|Any CPU.Build.0 = Release|Any CPU
		{6A4B4964-F991-44BC-86C9-3AFB42663CC7}.Debug|Any CPU.ActiveCfg = Debug|Any CPU
		{6A4B4964-F991-44BC-86C9-3AFB42663CC7}.Debug|Any CPU.Build.0 = Debug|Any CPU
		{6A4B4964-F991-44BC-86C9-3AFB42663CC7}.Release|Any CPU.ActiveCfg = Release|Any CPU
		{6A4B4964-F991-44BC-86C9-3AFB42663CC7}.Release|Any CPU.Build.0 = Release|Any CPU
		{761E5C78-C8D9-46E3-9F26-4E834F1D93DD}.Debug|Any CPU.ActiveCfg = Debug|Any CPU
		{761E5C78-C8D9-46E3-9F26-4E834F1D93DD}.Debug|Any CPU.Build.0 = Debug|Any CPU
		{761E5C78-C8D9-46E3-9F26-4E834F1D93DD}.Release|Any CPU.ActiveCfg = Release|Any CPU
		{761E5C78-C8D9-46E3-9F26-4E834F1D93DD}.Release|Any CPU.Build.0 = Release|Any CPU
		{75EEB996-53C2-49B3-ACC9-FE80180169A2}.Debug|Any CPU.ActiveCfg = Debug|Any CPU
		{75EEB996-53C2-49B3-ACC9-FE80180169A2}.Debug|Any CPU.Build.0 = Debug|Any CPU
		{75EEB996-53C2-49B3-ACC9-FE80180169A2}.Release|Any CPU.ActiveCfg = Release|Any CPU
		{75EEB996-53C2-49B3-ACC9-FE80180169A2}.Release|Any CPU.Build.0 = Release|Any CPU
		{0F03BE12-4FE5-4611-B8C1-68F33D895A0E}.Debug|Any CPU.ActiveCfg = Debug|Any CPU
		{0F03BE12-4FE5-4611-B8C1-68F33D895A0E}.Debug|Any CPU.Build.0 = Debug|Any CPU
		{0F03BE12-4FE5-4611-B8C1-68F33D895A0E}.Release|Any CPU.ActiveCfg = Release|Any CPU
		{0F03BE12-4FE5-4611-B8C1-68F33D895A0E}.Release|Any CPU.Build.0 = Release|Any CPU
		{24160017-9E7C-4254-A60E-A107D34951B4}.Debug|Any CPU.ActiveCfg = Debug|Any CPU
		{24160017-9E7C-4254-A60E-A107D34951B4}.Debug|Any CPU.Build.0 = Debug|Any CPU
		{24160017-9E7C-4254-A60E-A107D34951B4}.Release|Any CPU.ActiveCfg = Release|Any CPU
		{24160017-9E7C-4254-A60E-A107D34951B4}.Release|Any CPU.Build.0 = Release|Any CPU
		{B014F07F-721F-4D70-9A07-E36D370223AC}.Debug|Any CPU.ActiveCfg = Debug|Any CPU
		{B014F07F-721F-4D70-9A07-E36D370223AC}.Debug|Any CPU.Build.0 = Debug|Any CPU
		{B014F07F-721F-4D70-9A07-E36D370223AC}.Release|Any CPU.ActiveCfg = Release|Any CPU
		{B014F07F-721F-4D70-9A07-E36D370223AC}.Release|Any CPU.Build.0 = Release|Any CPU
		{4DECF2F3-A6A4-4C05-953C-20CF1B094AAA}.Debug|Any CPU.ActiveCfg = Debug|Any CPU
		{4DECF2F3-A6A4-4C05-953C-20CF1B094AAA}.Debug|Any CPU.Build.0 = Debug|Any CPU
		{4DECF2F3-A6A4-4C05-953C-20CF1B094AAA}.Release|Any CPU.ActiveCfg = Release|Any CPU
		{4DECF2F3-A6A4-4C05-953C-20CF1B094AAA}.Release|Any CPU.Build.0 = Release|Any CPU
		{BBAA28DC-A7FF-4932-A2D9-91B3E52D2DCE}.Debug|Any CPU.ActiveCfg = Debug|Any CPU
		{BBAA28DC-A7FF-4932-A2D9-91B3E52D2DCE}.Debug|Any CPU.Build.0 = Debug|Any CPU
		{BBAA28DC-A7FF-4932-A2D9-91B3E52D2DCE}.Release|Any CPU.ActiveCfg = Release|Any CPU
		{BBAA28DC-A7FF-4932-A2D9-91B3E52D2DCE}.Release|Any CPU.Build.0 = Release|Any CPU
		{9C06FF25-2C8D-4D06-9959-30A0EF9A8F34}.Debug|Any CPU.ActiveCfg = Debug|Any CPU
		{9C06FF25-2C8D-4D06-9959-30A0EF9A8F34}.Debug|Any CPU.Build.0 = Debug|Any CPU
		{9C06FF25-2C8D-4D06-9959-30A0EF9A8F34}.Release|Any CPU.ActiveCfg = Release|Any CPU
		{9C06FF25-2C8D-4D06-9959-30A0EF9A8F34}.Release|Any CPU.Build.0 = Release|Any CPU
		{BC5B938C-9CBA-43FC-895C-2C575C58ECDA}.Debug|Any CPU.ActiveCfg = Debug|Any CPU
		{BC5B938C-9CBA-43FC-895C-2C575C58ECDA}.Debug|Any CPU.Build.0 = Debug|Any CPU
		{BC5B938C-9CBA-43FC-895C-2C575C58ECDA}.Release|Any CPU.ActiveCfg = Release|Any CPU
		{BC5B938C-9CBA-43FC-895C-2C575C58ECDA}.Release|Any CPU.Build.0 = Release|Any CPU
		{7EB8E288-E65D-4575-AABF-C64A4FBFD533}.Debug|Any CPU.ActiveCfg = Debug|Any CPU
		{7EB8E288-E65D-4575-AABF-C64A4FBFD533}.Debug|Any CPU.Build.0 = Debug|Any CPU
		{7EB8E288-E65D-4575-AABF-C64A4FBFD533}.Release|Any CPU.ActiveCfg = Release|Any CPU
		{7EB8E288-E65D-4575-AABF-C64A4FBFD533}.Release|Any CPU.Build.0 = Release|Any CPU
		{C5EA5965-0955-4E9E-984B-285E9C9D8B33}.Debug|Any CPU.ActiveCfg = Debug|Any CPU
		{C5EA5965-0955-4E9E-984B-285E9C9D8B33}.Debug|Any CPU.Build.0 = Debug|Any CPU
		{C5EA5965-0955-4E9E-984B-285E9C9D8B33}.Release|Any CPU.ActiveCfg = Release|Any CPU
		{C5EA5965-0955-4E9E-984B-285E9C9D8B33}.Release|Any CPU.Build.0 = Release|Any CPU
		{24E1E0FD-1DC8-41D9-AAF5-46214B1CE6B7}.Debug|Any CPU.ActiveCfg = Debug|Any CPU
		{24E1E0FD-1DC8-41D9-AAF5-46214B1CE6B7}.Debug|Any CPU.Build.0 = Debug|Any CPU
		{24E1E0FD-1DC8-41D9-AAF5-46214B1CE6B7}.Release|Any CPU.ActiveCfg = Release|Any CPU
		{24E1E0FD-1DC8-41D9-AAF5-46214B1CE6B7}.Release|Any CPU.Build.0 = Release|Any CPU
		{1B95A3A6-C5C0-4B2B-B5C9-AEDEB8902B0B}.Debug|Any CPU.ActiveCfg = Debug|Any CPU
		{1B95A3A6-C5C0-4B2B-B5C9-AEDEB8902B0B}.Debug|Any CPU.Build.0 = Debug|Any CPU
		{1B95A3A6-C5C0-4B2B-B5C9-AEDEB8902B0B}.Release|Any CPU.ActiveCfg = Release|Any CPU
		{1B95A3A6-C5C0-4B2B-B5C9-AEDEB8902B0B}.Release|Any CPU.Build.0 = Release|Any CPU
		{7EE7D655-4D4A-4030-8142-B2D7EDE21619}.Debug|Any CPU.ActiveCfg = Debug|Any CPU
		{7EE7D655-4D4A-4030-8142-B2D7EDE21619}.Debug|Any CPU.Build.0 = Debug|Any CPU
		{7EE7D655-4D4A-4030-8142-B2D7EDE21619}.Release|Any CPU.ActiveCfg = Release|Any CPU
		{7EE7D655-4D4A-4030-8142-B2D7EDE21619}.Release|Any CPU.Build.0 = Release|Any CPU
		{1E587118-9AB2-43AC-A2EB-8AECCBE343E8}.Debug|Any CPU.ActiveCfg = Debug|Any CPU
		{1E587118-9AB2-43AC-A2EB-8AECCBE343E8}.Debug|Any CPU.Build.0 = Debug|Any CPU
		{1E587118-9AB2-43AC-A2EB-8AECCBE343E8}.Release|Any CPU.ActiveCfg = Release|Any CPU
		{1E587118-9AB2-43AC-A2EB-8AECCBE343E8}.Release|Any CPU.Build.0 = Release|Any CPU
		{921CC69E-A550-455D-A2AA-A2254B0CA1AA}.Debug|Any CPU.ActiveCfg = Debug|Any CPU
		{921CC69E-A550-455D-A2AA-A2254B0CA1AA}.Debug|Any CPU.Build.0 = Debug|Any CPU
		{921CC69E-A550-455D-A2AA-A2254B0CA1AA}.Release|Any CPU.ActiveCfg = Release|Any CPU
		{921CC69E-A550-455D-A2AA-A2254B0CA1AA}.Release|Any CPU.Build.0 = Release|Any CPU
		{3F224A06-B369-45B1-87E6-EFD4E9F15E36}.Debug|Any CPU.ActiveCfg = Debug|Any CPU
		{3F224A06-B369-45B1-87E6-EFD4E9F15E36}.Debug|Any CPU.Build.0 = Debug|Any CPU
		{3F224A06-B369-45B1-87E6-EFD4E9F15E36}.Release|Any CPU.ActiveCfg = Release|Any CPU
		{3F224A06-B369-45B1-87E6-EFD4E9F15E36}.Release|Any CPU.Build.0 = Release|Any CPU
		{FFBA355A-880D-4A91-B54A-B24FBB888D89}.Debug|Any CPU.ActiveCfg = Debug|Any CPU
		{FFBA355A-880D-4A91-B54A-B24FBB888D89}.Debug|Any CPU.Build.0 = Debug|Any CPU
		{FFBA355A-880D-4A91-B54A-B24FBB888D89}.Release|Any CPU.ActiveCfg = Release|Any CPU
		{FFBA355A-880D-4A91-B54A-B24FBB888D89}.Release|Any CPU.Build.0 = Release|Any CPU
		{95F3AEB6-A062-43F3-9AD4-62296E7CAEAD}.Debug|Any CPU.ActiveCfg = Debug|Any CPU
		{95F3AEB6-A062-43F3-9AD4-62296E7CAEAD}.Debug|Any CPU.Build.0 = Debug|Any CPU
		{95F3AEB6-A062-43F3-9AD4-62296E7CAEAD}.Release|Any CPU.ActiveCfg = Release|Any CPU
		{95F3AEB6-A062-43F3-9AD4-62296E7CAEAD}.Release|Any CPU.Build.0 = Release|Any CPU
		{990DAC54-54BA-41A3-B5DE-5F204094F1E9}.Debug|Any CPU.ActiveCfg = Debug|Any CPU
		{990DAC54-54BA-41A3-B5DE-5F204094F1E9}.Debug|Any CPU.Build.0 = Debug|Any CPU
		{990DAC54-54BA-41A3-B5DE-5F204094F1E9}.Release|Any CPU.ActiveCfg = Release|Any CPU
		{990DAC54-54BA-41A3-B5DE-5F204094F1E9}.Release|Any CPU.Build.0 = Release|Any CPU
		{EA99CD65-8A31-4911-B4A9-F5D9AE507688}.Debug|Any CPU.ActiveCfg = Debug|Any CPU
		{EA99CD65-8A31-4911-B4A9-F5D9AE507688}.Debug|Any CPU.Build.0 = Debug|Any CPU
		{EA99CD65-8A31-4911-B4A9-F5D9AE507688}.Release|Any CPU.ActiveCfg = Release|Any CPU
		{EA99CD65-8A31-4911-B4A9-F5D9AE507688}.Release|Any CPU.Build.0 = Release|Any CPU
		{F02F8470-D7EC-47F4-99E3-41E3CCE2578B}.Debug|Any CPU.ActiveCfg = Debug|Any CPU
		{F02F8470-D7EC-47F4-99E3-41E3CCE2578B}.Debug|Any CPU.Build.0 = Debug|Any CPU
		{F02F8470-D7EC-47F4-99E3-41E3CCE2578B}.Release|Any CPU.ActiveCfg = Release|Any CPU
		{F02F8470-D7EC-47F4-99E3-41E3CCE2578B}.Release|Any CPU.Build.0 = Release|Any CPU
		{9F8794B8-AA36-4DAD-94F9-B04AB9841818}.Debug|Any CPU.ActiveCfg = Debug|Any CPU
		{9F8794B8-AA36-4DAD-94F9-B04AB9841818}.Debug|Any CPU.Build.0 = Debug|Any CPU
		{9F8794B8-AA36-4DAD-94F9-B04AB9841818}.Release|Any CPU.ActiveCfg = Release|Any CPU
		{9F8794B8-AA36-4DAD-94F9-B04AB9841818}.Release|Any CPU.Build.0 = Release|Any CPU
		{9876DB2B-14C5-42E7-A698-51486E30AF3D}.Debug|Any CPU.ActiveCfg = Debug|Any CPU
		{9876DB2B-14C5-42E7-A698-51486E30AF3D}.Debug|Any CPU.Build.0 = Debug|Any CPU
		{9876DB2B-14C5-42E7-A698-51486E30AF3D}.Release|Any CPU.ActiveCfg = Release|Any CPU
		{9876DB2B-14C5-42E7-A698-51486E30AF3D}.Release|Any CPU.Build.0 = Release|Any CPU
		{734FB7C6-D6F4-47E8-8ED0-90C0822E4E6D}.Debug|Any CPU.ActiveCfg = Debug|Any CPU
		{734FB7C6-D6F4-47E8-8ED0-90C0822E4E6D}.Debug|Any CPU.Build.0 = Debug|Any CPU
		{734FB7C6-D6F4-47E8-8ED0-90C0822E4E6D}.Release|Any CPU.ActiveCfg = Release|Any CPU
		{734FB7C6-D6F4-47E8-8ED0-90C0822E4E6D}.Release|Any CPU.Build.0 = Release|Any CPU
		{F8A4DC59-F7C6-4689-91A1-2B75FDB9DD5F}.Debug|Any CPU.ActiveCfg = Debug|Any CPU
		{F8A4DC59-F7C6-4689-91A1-2B75FDB9DD5F}.Debug|Any CPU.Build.0 = Debug|Any CPU
		{F8A4DC59-F7C6-4689-91A1-2B75FDB9DD5F}.Release|Any CPU.ActiveCfg = Release|Any CPU
		{F8A4DC59-F7C6-4689-91A1-2B75FDB9DD5F}.Release|Any CPU.Build.0 = Release|Any CPU
		{D518D9DB-613A-4867-BAE9-F4336B3DAE1C}.Debug|Any CPU.ActiveCfg = Debug|Any CPU
		{D518D9DB-613A-4867-BAE9-F4336B3DAE1C}.Debug|Any CPU.Build.0 = Debug|Any CPU
		{D518D9DB-613A-4867-BAE9-F4336B3DAE1C}.Release|Any CPU.ActiveCfg = Release|Any CPU
		{D518D9DB-613A-4867-BAE9-F4336B3DAE1C}.Release|Any CPU.Build.0 = Release|Any CPU
		{4D05D94F-45CC-425F-9B0B-8FA78D20B9F7}.Debug|Any CPU.ActiveCfg = Debug|Any CPU
		{4D05D94F-45CC-425F-9B0B-8FA78D20B9F7}.Debug|Any CPU.Build.0 = Debug|Any CPU
		{4D05D94F-45CC-425F-9B0B-8FA78D20B9F7}.Release|Any CPU.ActiveCfg = Release|Any CPU
		{4D05D94F-45CC-425F-9B0B-8FA78D20B9F7}.Release|Any CPU.Build.0 = Release|Any CPU
		{E8CE1EE5-C7EF-4D23-B970-7E1A5BD14F13}.Debug|Any CPU.ActiveCfg = Debug|Any CPU
		{E8CE1EE5-C7EF-4D23-B970-7E1A5BD14F13}.Debug|Any CPU.Build.0 = Debug|Any CPU
		{E8CE1EE5-C7EF-4D23-B970-7E1A5BD14F13}.Release|Any CPU.ActiveCfg = Release|Any CPU
		{E8CE1EE5-C7EF-4D23-B970-7E1A5BD14F13}.Release|Any CPU.Build.0 = Release|Any CPU
		{B009E39C-3373-44F9-8F19-508DCF897268}.Debug|Any CPU.ActiveCfg = Debug|Any CPU
		{B009E39C-3373-44F9-8F19-508DCF897268}.Debug|Any CPU.Build.0 = Debug|Any CPU
		{B009E39C-3373-44F9-8F19-508DCF897268}.Release|Any CPU.ActiveCfg = Release|Any CPU
		{B009E39C-3373-44F9-8F19-508DCF897268}.Release|Any CPU.Build.0 = Release|Any CPU
	EndGlobalSection
	GlobalSection(SolutionProperties) = preSolution
		HideSolutionNode = FALSE
	EndGlobalSection
EndGlobal
